
Microsoft Visual Studio Solution File, Format Version 12.00
# Visual Studio Version 17
VisualStudioVersion = 17.4.32804.182
MinimumVisualStudioVersion = 10.0.40219.1
Project("{FAE04EC0-301F-11D3-BF4B-00C04F79EFBC}") = "Portal.Admin", "Portal.Admin\Portal.Admin.csproj", "{47B0B071-DBBC-4EAA-9ACA-E6D229B71E1A}"
EndProject
Project("{FAE04EC0-301F-11D3-BF4B-00C04F79EFBC}") = "Portal.Data", "Portal.Data\Portal.Data.csproj", "{DE8551F4-4489-4008-8768-1286DC1B14BD}"
EndProject
Project("{FAE04EC0-301F-11D3-BF4B-00C04F79EFBC}") = "Portal.Common", "Portal.Common\Portal.Common.csproj", "{66DF77CD-E48C-491B-A0DD-9415197D9D0A}"
EndProject
Global
	GlobalSection(SolutionConfigurationPlatforms) = preSolution
		Debug|Any CPU = Debug|Any CPU
		Release|Any CPU = Release|Any CPU
	EndGlobalSection
	GlobalSection(ProjectConfigurationPlatforms) = postSolution
		{47B0B071-DBBC-4EAA-9ACA-E6D229B71E1A}.Debug|Any CPU.ActiveCfg = Debug|Any CPU
		{47B0B071-DBBC-4EAA-9ACA-E6D229B71E1A}.Debug|Any CPU.Build.0 = Debug|Any CPU
		{47B0B071-DBBC-4EAA-9ACA-E6D229B71E1A}.Release|Any CPU.ActiveCfg = Release|Any CPU
		{47B0B071-DBBC-4EAA-9ACA-E6D229B71E1A}.Release|Any CPU.Build.0 = Release|Any CPU
		{DE8551F4-4489-4008-8768-1286DC1B14BD}.Debug|Any CPU.ActiveCfg = Debug|Any CPU
		{DE8551F4-4489-4008-8768-1286DC1B14BD}.Debug|Any CPU.Build.0 = Debug|Any CPU
		{DE8551F4-4489-4008-8768-1286DC1B14BD}.Release|Any CPU.ActiveCfg = Release|Any CPU
		{DE8551F4-4489-4008-8768-1286DC1B14BD}.Release|Any CPU.Build.0 = Release|Any CPU
		{66DF77CD-E48C-491B-A0DD-9415197D9D0A}.Debug|Any CPU.ActiveCfg = Debug|Any CPU
		{66DF77CD-E48C-491B-A0DD-9415197D9D0A}.Debug|Any CPU.Build.0 = Debug|Any CPU
		{66DF77CD-E48C-491B-A0DD-9415197D9D0A}.Release|Any CPU.ActiveCfg = Release|Any CPU
		{66DF77CD-E48C-491B-A0DD-9415197D9D0A}.Release|Any CPU.Build.0 = Release|Any CPU
	EndGlobalSection
	GlobalSection(SolutionProperties) = preSolution
		HideSolutionNode = FALSE
	EndGlobalSection
	GlobalSection(ExtensibilityGlobals) = postSolution
		SolutionGuid = {D63C2630-8D84-4726-97C3-017D92C22D5B}
	EndGlobalSection
EndGlobal
